// !$*UTF8*$!
{
	archiveVersion = 1;
	classes = {
	};
	objectVersion = 46;
	objects = {

/* Begin PBXBuildFile section */
		5D7993781B79377A00275792 /* AppDelegate.swift in Sources */ = {isa = PBXBuildFile; fileRef = 5D7993771B79377A00275792 /* AppDelegate.swift */; };
		5D79937A1B79377A00275792 /* ViewController.swift in Sources */ = {isa = PBXBuildFile; fileRef = 5D7993791B79377A00275792 /* ViewController.swift */; };
		5D79937D1B79377A00275792 /* Main.storyboard in Resources */ = {isa = PBXBuildFile; fileRef = 5D79937B1B79377A00275792 /* Main.storyboard */; };
		5D79937F1B79377A00275792 /* Assets.xcassets in Resources */ = {isa = PBXBuildFile; fileRef = 5D79937E1B79377A00275792 /* Assets.xcassets */; };
		5D7993821B79377A00275792 /* LaunchScreen.storyboard in Resources */ = {isa = PBXBuildFile; fileRef = 5D7993801B79377A00275792 /* LaunchScreen.storyboard */; };
		5D79938D1B79377A00275792 /* TabberV2Tests.swift in Sources */ = {isa = PBXBuildFile; fileRef = 5D79938C1B79377A00275792 /* TabberV2Tests.swift */; };
		5D7993981B79377A00275792 /* TabberV2UITests.swift in Sources */ = {isa = PBXBuildFile; fileRef = 5D7993971B79377A00275792 /* TabberV2UITests.swift */; };
/* End PBXBuildFile section */

/* Begin PBXContainerItemProxy section */
		5D7993891B79377A00275792 /* PBXContainerItemProxy */ = {
			isa = PBXContainerItemProxy;
			containerPortal = 5D79936C1B79377A00275792 /* Project object */;
			proxyType = 1;
			remoteGlobalIDString = 5D7993731B79377A00275792;
			remoteInfo = TabberV2;
		};
		5D7993941B79377A00275792 /* PBXContainerItemProxy */ = {
			isa = PBXContainerItemProxy;
			containerPortal = 5D79936C1B79377A00275792 /* Project object */;
			proxyType = 1;
			remoteGlobalIDString = 5D7993731B79377A00275792;
			remoteInfo = TabberV2;
		};
/* End PBXContainerItemProxy section */

/* Begin PBXFileReference section */
		5D7993741B79377A00275792 /* TabberV2.app */ = {isa = PBXFileReference; explicitFileType = wrapper.application; includeInIndex = 0; path = TabberV2.app; sourceTree = BUILT_PRODUCTS_DIR; };
		5D7993771B79377A00275792 /* AppDelegate.swift */ = {isa = PBXFileReference; lastKnownFileType = sourcecode.swift; path = AppDelegate.swift; sourceTree = "<group>"; };
		5D7993791B79377A00275792 /* ViewController.swift */ = {isa = PBXFileReference; lastKnownFileType = sourcecode.swift; path = ViewController.swift; sourceTree = "<group>"; };
		5D79937C1B79377A00275792 /* Base */ = {isa = PBXFileReference; lastKnownFileType = file.storyboard; name = Base; path = Base.lproj/Main.storyboard; sourceTree = "<group>"; };
		5D79937E1B79377A00275792 /* Assets.xcassets */ = {isa = PBXFileReference; lastKnownFileType = folder.assetcatalog; path = Assets.xcassets; sourceTree = "<group>"; };
		5D7993811B79377A00275792 /* Base */ = {isa = PBXFileReference; lastKnownFileType = file.storyboard; name = Base; path = Base.lproj/LaunchScreen.storyboard; sourceTree = "<group>"; };
		5D7993831B79377A00275792 /* Info.plist */ = {isa = PBXFileReference; lastKnownFileType = text.plist.xml; path = Info.plist; sourceTree = "<group>"; };
		5D7993881B79377A00275792 /* TabberV2Tests.xctest */ = {isa = PBXFileReference; explicitFileType = wrapper.cfbundle; includeInIndex = 0; path = TabberV2Tests.xctest; sourceTree = BUILT_PRODUCTS_DIR; };
		5D79938C1B79377A00275792 /* TabberV2Tests.swift */ = {isa = PBXFileReference; lastKnownFileType = sourcecode.swift; path = TabberV2Tests.swift; sourceTree = "<group>"; };
		5D79938E1B79377A00275792 /* Info.plist */ = {isa = PBXFileReference; lastKnownFileType = text.plist.xml; path = Info.plist; sourceTree = "<group>"; };
		5D7993931B79377A00275792 /* TabberV2UITests.xctest */ = {isa = PBXFileReference; explicitFileType = wrapper.cfbundle; includeInIndex = 0; path = TabberV2UITests.xctest; sourceTree = BUILT_PRODUCTS_DIR; };
		5D7993971B79377A00275792 /* TabberV2UITests.swift */ = {isa = PBXFileReference; lastKnownFileType = sourcecode.swift; path = TabberV2UITests.swift; sourceTree = "<group>"; };
		5D7993991B79377A00275792 /* Info.plist */ = {isa = PBXFileReference; lastKnownFileType = text.plist.xml; path = Info.plist; sourceTree = "<group>"; };
/* End PBXFileReference section */

/* Begin PBXFrameworksBuildPhase section */
		5D7993711B79377A00275792 /* Frameworks */ = {
			isa = PBXFrameworksBuildPhase;
			buildActionMask = 2147483647;
			files = (
			);
			runOnlyForDeploymentPostprocessing = 0;
		};
		5D7993851B79377A00275792 /* Frameworks */ = {
			isa = PBXFrameworksBuildPhase;
			buildActionMask = 2147483647;
			files = (
			);
			runOnlyForDeploymentPostprocessing = 0;
		};
		5D7993901B79377A00275792 /* Frameworks */ = {
			isa = PBXFrameworksBuildPhase;
			buildActionMask = 2147483647;
			files = (
			);
			runOnlyForDeploymentPostprocessing = 0;
		};
/* End PBXFrameworksBuildPhase section */

/* Begin PBXGroup section */
		5D79936B1B79377A00275792 = {
			isa = PBXGroup;
			children = (
				5D7993761B79377A00275792 /* TabberV2 */,
				5D79938B1B79377A00275792 /* TabberV2Tests */,
				5D7993961B79377A00275792 /* TabberV2UITests */,
				5D7993751B79377A00275792 /* Products */,
			);
			sourceTree = "<group>";
		};
		5D7993751B79377A00275792 /* Products */ = {
			isa = PBXGroup;
			children = (
				5D7993741B79377A00275792 /* TabberV2.app */,
				5D7993881B79377A00275792 /* TabberV2Tests.xctest */,
				5D7993931B79377A00275792 /* TabberV2UITests.xctest */,
			);
			name = Products;
			sourceTree = "<group>";
		};
		5D7993761B79377A00275792 /* TabberV2 */ = {
			isa = PBXGroup;
			children = (
				5D7993771B79377A00275792 /* AppDelegate.swift */,
				5D7993791B79377A00275792 /* ViewController.swift */,
				5D79937B1B79377A00275792 /* Main.storyboard */,
				5D79937E1B79377A00275792 /* Assets.xcassets */,
				5D7993801B79377A00275792 /* LaunchScreen.storyboard */,
				5D7993831B79377A00275792 /* Info.plist */,
			);
			path = TabberV2;
			sourceTree = "<group>";
		};
		5D79938B1B79377A00275792 /* TabberV2Tests */ = {
			isa = PBXGroup;
			children = (
				5D79938C1B79377A00275792 /* TabberV2Tests.swift */,
				5D79938E1B79377A00275792 /* Info.plist */,
			);
			path = TabberV2Tests;
			sourceTree = "<group>";
		};
		5D7993961B79377A00275792 /* TabberV2UITests */ = {
			isa = PBXGroup;
			children = (
				5D7993971B79377A00275792 /* TabberV2UITests.swift */,
				5D7993991B79377A00275792 /* Info.plist */,
			);
			path = TabberV2UITests;
			sourceTree = "<group>";
		};
/* End PBXGroup section */

/* Begin PBXNativeTarget section */
		5D7993731B79377A00275792 /* TabberV2 */ = {
			isa = PBXNativeTarget;
			buildConfigurationList = 5D79939C1B79377A00275792 /* Build configuration list for PBXNativeTarget "TabberV2" */;
			buildPhases = (
				5D7993701B79377A00275792 /* Sources */,
				5D7993711B79377A00275792 /* Frameworks */,
				5D7993721B79377A00275792 /* Resources */,
			);
			buildRules = (
			);
			dependencies = (
			);
			name = TabberV2;
			productName = TabberV2;
			productReference = 5D7993741B79377A00275792 /* TabberV2.app */;
			productType = "com.apple.product-type.application";
		};
		5D7993871B79377A00275792 /* TabberV2Tests */ = {
			isa = PBXNativeTarget;
			buildConfigurationList = 5D79939F1B79377A00275792 /* Build configuration list for PBXNativeTarget "TabberV2Tests" */;
			buildPhases = (
				5D7993841B79377A00275792 /* Sources */,
				5D7993851B79377A00275792 /* Frameworks */,
				5D7993861B79377A00275792 /* Resources */,
			);
			buildRules = (
			);
			dependencies = (
				5D79938A1B79377A00275792 /* PBXTargetDependency */,
			);
			name = TabberV2Tests;
			productName = TabberV2Tests;
			productReference = 5D7993881B79377A00275792 /* TabberV2Tests.xctest */;
			productType = "com.apple.product-type.bundle.unit-test";
		};
		5D7993921B79377A00275792 /* TabberV2UITests */ = {
			isa = PBXNativeTarget;
			buildConfigurationList = 5D7993A21B79377A00275792 /* Build configuration list for PBXNativeTarget "TabberV2UITests" */;
			buildPhases = (
				5D79938F1B79377A00275792 /* Sources */,
				5D7993901B79377A00275792 /* Frameworks */,
				5D7993911B79377A00275792 /* Resources */,
			);
			buildRules = (
			);
			dependencies = (
				5D7993951B79377A00275792 /* PBXTargetDependency */,
			);
			name = TabberV2UITests;
			productName = TabberV2UITests;
			productReference = 5D7993931B79377A00275792 /* TabberV2UITests.xctest */;
			productType = "com.apple.product-type.bundle.ui-testing";
		};
/* End PBXNativeTarget section */

/* Begin PBXProject section */
		5D79936C1B79377A00275792 /* Project object */ = {
			isa = PBXProject;
			attributes = {
				LastUpgradeCheck = 0700;
				ORGANIZATIONNAME = "Jessie Chen";
				TargetAttributes = {
					5D7993731B79377A00275792 = {
						CreatedOnToolsVersion = 7.0;
					};
					5D7993871B79377A00275792 = {
						CreatedOnToolsVersion = 7.0;
						TestTargetID = 5D7993731B79377A00275792;
					};
					5D7993921B79377A00275792 = {
						CreatedOnToolsVersion = 7.0;
						TestTargetID = 5D7993731B79377A00275792;
					};
				};
			};
			buildConfigurationList = 5D79936F1B79377A00275792 /* Build configuration list for PBXProject "TabberV2" */;
			compatibilityVersion = "Xcode 3.2";
			developmentRegion = English;
			hasScannedForEncodings = 0;
			knownRegions = (
				en,
				Base,
			);
			mainGroup = 5D79936B1B79377A00275792;
			productRefGroup = 5D7993751B79377A00275792 /* Products */;
			projectDirPath = "";
			projectRoot = "";
			targets = (
				5D7993731B79377A00275792 /* TabberV2 */,
				5D7993871B79377A00275792 /* TabberV2Tests */,
				5D7993921B79377A00275792 /* TabberV2UITests */,
			);
		};
/* End PBXProject section */

/* Begin PBXResourcesBuildPhase section */
		5D7993721B79377A00275792 /* Resources */ = {
			isa = PBXResourcesBuildPhase;
			buildActionMask = 2147483647;
			files = (
				5D7993821B79377A00275792 /* LaunchScreen.storyboard in Resources */,
				5D79937F1B79377A00275792 /* Assets.xcassets in Resources */,
				5D79937D1B79377A00275792 /* Main.storyboard in Resources */,
			);
			runOnlyForDeploymentPostprocessing = 0;
		};
		5D7993861B79377A00275792 /* Resources */ = {
			isa = PBXResourcesBuildPhase;
			buildActionMask = 2147483647;
			files = (
			);
			runOnlyForDeploymentPostprocessing = 0;
		};
		5D7993911B79377A00275792 /* Resources */ = {
			isa = PBXResourcesBuildPhase;
			buildActionMask = 2147483647;
			files = (
			);
			runOnlyForDeploymentPostprocessing = 0;
		};
/* End PBXResourcesBuildPhase section */

/* Begin PBXSourcesBuildPhase section */
		5D7993701B79377A00275792 /* Sources */ = {
			isa = PBXSourcesBuildPhase;
			buildActionMask = 2147483647;
			files = (
				5D79937A1B79377A00275792 /* ViewController.swift in Sources */,
				5D7993781B79377A00275792 /* AppDelegate.swift in Sources */,
			);
			runOnlyForDeploymentPostprocessing = 0;
		};
		5D7993841B79377A00275792 /* Sources */ = {
			isa = PBXSourcesBuildPhase;
			buildActionMask = 2147483647;
			files = (
				5D79938D1B79377A00275792 /* TabberV2Tests.swift in Sources */,
			);
			runOnlyForDeploymentPostprocessing = 0;
		};
		5D79938F1B79377A00275792 /* Sources */ = {
			isa = PBXSourcesBuildPhase;
			buildActionMask = 2147483647;
			files = (
				5D7993981B79377A00275792 /* TabberV2UITests.swift in Sources */,
			);
			runOnlyForDeploymentPostprocessing = 0;
		};
/* End PBXSourcesBuildPhase section */

/* Begin PBXTargetDependency section */
		5D79938A1B79377A00275792 /* PBXTargetDependency */ = {
			isa = PBXTargetDependency;
			target = 5D7993731B79377A00275792 /* TabberV2 */;
			targetProxy = 5D7993891B79377A00275792 /* PBXContainerItemProxy */;
		};
		5D7993951B79377A00275792 /* PBXTargetDependency */ = {
			isa = PBXTargetDependency;
			target = 5D7993731B79377A00275792 /* TabberV2 */;
			targetProxy = 5D7993941B79377A00275792 /* PBXContainerItemProxy */;
		};
/* End PBXTargetDependency section */

/* Begin PBXVariantGroup section */
		5D79937B1B79377A00275792 /* Main.storyboard */ = {
			isa = PBXVariantGroup;
			children = (
				5D79937C1B79377A00275792 /* Base */,
			);
			name = Main.storyboard;
			sourceTree = "<group>";
		};
		5D7993801B79377A00275792 /* LaunchScreen.storyboard */ = {
			isa = PBXVariantGroup;
			children = (
				5D7993811B79377A00275792 /* Base */,
			);
			name = LaunchScreen.storyboard;
			sourceTree = "<group>";
		};
/* End PBXVariantGroup section */

/* Begin XCBuildConfiguration section */
		5D79939A1B79377A00275792 /* Debug */ = {
			isa = XCBuildConfiguration;
			buildSettings = {
				ALWAYS_SEARCH_USER_PATHS = NO;
				CLANG_CXX_LANGUAGE_STANDARD = "gnu++0x";
				CLANG_CXX_LIBRARY = "libc++";
				CLANG_ENABLE_MODULES = YES;
				CLANG_ENABLE_OBJC_ARC = YES;
				CLANG_WARN_BOOL_CONVERSION = YES;
				CLANG_WARN_CONSTANT_CONVERSION = YES;
				CLANG_WARN_DIRECT_OBJC_ISA_USAGE = YES_ERROR;
				CLANG_WARN_EMPTY_BODY = YES;
				CLANG_WARN_ENUM_CONVERSION = YES;
				CLANG_WARN_INT_CONVERSION = YES;
				CLANG_WARN_OBJC_ROOT_CLASS = YES_ERROR;
				CLANG_WARN_UNREACHABLE_CODE = YES;
				CLANG_WARN__DUPLICATE_METHOD_MATCH = YES;
				"CODE_SIGN_IDENTITY[sdk=iphoneos*]" = "iPhone Developer";
				COPY_PHASE_STRIP = NO;
				DEBUG_INFORMATION_FORMAT = dwarf;
				ENABLE_STRICT_OBJC_MSGSEND = YES;
				ENABLE_TESTABILITY = YES;
				GCC_C_LANGUAGE_STANDARD = gnu99;
				GCC_DYNAMIC_NO_PIC = NO;
				GCC_NO_COMMON_BLOCKS = YES;
				GCC_OPTIMIZATION_LEVEL = 0;
				GCC_PREPROCESSOR_DEFINITIONS = (
					"DEBUG=1",
					"$(inherited)",
				);
				GCC_WARN_64_TO_32_BIT_CONVERSION = YES;
				GCC_WARN_ABOUT_RETURN_TYPE = YES_ERROR;
				GCC_WARN_UNDECLARED_SELECTOR = YES;
				GCC_WARN_UNINITIALIZED_AUTOS = YES_AGGRESSIVE;
				GCC_WARN_UNUSED_FUNCTION = YES;
				GCC_WARN_UNUSED_VARIABLE = YES;
				IPHONEOS_DEPLOYMENT_TARGET = 9.0;
				MTL_ENABLE_DEBUG_INFO = YES;
				ONLY_ACTIVE_ARCH = YES;
				SDKROOT = iphoneos;
				SWIFT_OPTIMIZATION_LEVEL = "-Onone";
			};
			name = Debug;
		};
		5D79939B1B79377A00275792 /* Release */ = {
			isa = XCBuildConfiguration;
			buildSettings = {
				ALWAYS_SEARCH_USER_PATHS = NO;
				CLANG_CXX_LANGUAGE_STANDARD = "gnu++0x";
				CLANG_CXX_LIBRARY = "libc++";
				CLANG_ENABLE_MODULES = YES;
				CLANG_ENABLE_OBJC_ARC = YES;
				CLANG_WARN_BOOL_CONVERSION = YES;
				CLANG_WARN_CONSTANT_CONVERSION = YES;
				CLANG_WARN_DIRECT_OBJC_ISA_USAGE = YES_ERROR;
				CLANG_WARN_EMPTY_BODY = YES;
				CLANG_WARN_ENUM_CONVERSION = YES;
				CLANG_WARN_INT_CONVERSION = YES;
				CLANG_WARN_OBJC_ROOT_CLASS = YES_ERROR;
				CLANG_WARN_UNREACHABLE_CODE = YES;
				CLANG_WARN__DUPLICATE_METHOD_MATCH = YES;
				"CODE_SIGN_IDENTITY[sdk=iphoneos*]" = "iPhone Developer";
				COPY_PHASE_STRIP = NO;
				DEBUG_INFORMATION_FORMAT = "dwarf-with-dsym";
				ENABLE_NS_ASSERTIONS = NO;
				ENABLE_STRICT_OBJC_MSGSEND = YES;
				GCC_C_LANGUAGE_STANDARD = gnu99;
				GCC_NO_COMMON_BLOCKS = YES;
				GCC_WARN_64_TO_32_BIT_CONVERSION = YES;
				GCC_WARN_ABOUT_RETURN_TYPE = YES_ERROR;
				GCC_WARN_UNDECLARED_SELECTOR = YES;
				GCC_WARN_UNINITIALIZED_AUTOS = YES_AGGRESSIVE;
				GCC_WARN_UNUSED_FUNCTION = YES;
				GCC_WARN_UNUSED_VARIABLE = YES;
				IPHONEOS_DEPLOYMENT_TARGET = 9.0;
				MTL_ENABLE_DEBUG_INFO = NO;
				SDKROOT = iphoneos;
				VALIDATE_PRODUCT = YES;
			};
			name = Release;
		};
		5D79939D1B79377A00275792 /* Debug */ = {
			isa = XCBuildConfiguration;
			buildSettings = {
				ASSETCATALOG_COMPILER_APPICON_NAME = AppIcon;
				INFOPLIST_FILE = TabberV2/Info.plist;
				LD_RUNPATH_SEARCH_PATHS = "$(inherited) @executable_path/Frameworks";
				PRODUCT_BUNDLE_IDENTIFIER = jessie.TabberV2;
				PRODUCT_NAME = "$(TARGET_NAME)";
			};
			name = Debug;
		};
		5D79939E1B79377A00275792 /* Release */ = {
			isa = XCBuildConfiguration;
			buildSettings = {
				ASSETCATALOG_COMPILER_APPICON_NAME = AppIcon;
				INFOPLIST_FILE = TabberV2/Info.plist;
				LD_RUNPATH_SEARCH_PATHS = "$(inherited) @executable_path/Frameworks";
				PRODUCT_BUNDLE_IDENTIFIER = jessie.TabberV2;
				PRODUCT_NAME = "$(TARGET_NAME)";
			};
			name = Release;
		};
		5D7993A01B79377A00275792 /* Debug */ = {
			isa = XCBuildConfiguration;
			buildSettings = {
				BUNDLE_LOADER = "$(TEST_HOST)";
				INFOPLIST_FILE = TabberV2Tests/Info.plist;
				LD_RUNPATH_SEARCH_PATHS = "$(inherited) @executable_path/Frameworks @loader_path/Frameworks";
				PRODUCT_BUNDLE_IDENTIFIER = jessie.TabberV2Tests;
				PRODUCT_NAME = "$(TARGET_NAME)";
				TEST_HOST = "$(BUILT_PRODUCTS_DIR)/TabberV2.app/TabberV2";
			};
			name = Debug;
		};
		5D7993A11B79377A00275792 /* Release */ = {
			isa = XCBuildConfiguration;
			buildSettings = {
				BUNDLE_LOADER = "$(TEST_HOST)";
				INFOPLIST_FILE = TabberV2Tests/Info.plist;
				LD_RUNPATH_SEARCH_PATHS = "$(inherited) @executable_path/Frameworks @loader_path/Frameworks";
				PRODUCT_BUNDLE_IDENTIFIER = jessie.TabberV2Tests;
				PRODUCT_NAME = "$(TARGET_NAME)";
				TEST_HOST = "$(BUILT_PRODUCTS_DIR)/TabberV2.app/TabberV2";
			};
			name = Release;
		};
		5D7993A31B79377A00275792 /* Debug */ = {
			isa = XCBuildConfiguration;
			buildSettings = {
				INFOPLIST_FILE = TabberV2UITests/Info.plist;
				LD_RUNPATH_SEARCH_PATHS = "$(inherited) @executable_path/Frameworks @loader_path/Frameworks";
				PRODUCT_BUNDLE_IDENTIFIER = jessie.TabberV2UITests;
				PRODUCT_NAME = "$(TARGET_NAME)";
				TEST_TARGET_NAME = TabberV2;
				USES_XCTRUNNER = YES;
			};
			name = Debug;
		};
		5D7993A41B79377A00275792 /* Release */ = {
			isa = XCBuildConfiguration;
			buildSettings = {
				INFOPLIST_FILE = TabberV2UITests/Info.plist;
				LD_RUNPATH_SEARCH_PATHS = "$(inherited) @executable_path/Frameworks @loader_path/Frameworks";
				PRODUCT_BUNDLE_IDENTIFIER = jessie.TabberV2UITests;
				PRODUCT_NAME = "$(TARGET_NAME)";
				TEST_TARGET_NAME = TabberV2;
				USES_XCTRUNNER = YES;
			};
			name = Release;
		};
/* End XCBuildConfiguration section */

/* Begin XCConfigurationList section */
		5D79936F1B79377A00275792 /* Build configuration list for PBXProject "TabberV2" */ = {
			isa = XCConfigurationList;
			buildConfigurations = (
				5D79939A1B79377A00275792 /* Debug */,
				5D79939B1B79377A00275792 /* Release */,
			);
			defaultConfigurationIsVisible = 0;
			defaultConfigurationName = Release;
		};
		5D79939C1B79377A00275792 /* Build configuration list for PBXNativeTarget "TabberV2" */ = {
			isa = XCConfigurationList;
			buildConfigurations = (
				5D79939D1B79377A00275792 /* Debug */,
				5D79939E1B79377A00275792 /* Release */,
			);
			defaultConfigurationIsVisible = 0;
		};
		5D79939F1B79377A00275792 /* Build configuration list for PBXNativeTarget "TabberV2Tests" */ = {
			isa = XCConfigurationList;
			buildConfigurations = (
				5D7993A01B79377A00275792 /* Debug */,
				5D7993A11B79377A00275792 /* Release */,
			);
			defaultConfigurationIsVisible = 0;
		};
		5D7993A21B79377A00275792 /* Build configuration list for PBXNativeTarget "TabberV2UITests" */ = {
			isa = XCConfigurationList;
			buildConfigurations = (
				5D7993A31B79377A00275792 /* Debug */,
				5D7993A41B79377A00275792 /* Release */,
			);
			defaultConfigurationIsVisible = 0;
		};
/* End XCConfigurationList section */
	};
	rootObject = 5D79936C1B79377A00275792 /* Project object */;
}
